
Microsoft Visual Studio Solution File, Format Version 12.00
# Visual Studio Version 16
VisualStudioVersion = 16.0.30711.63
MinimumVisualStudioVersion = 10.0.40219.1
Project("{00D1A9C2-B5F0-4AF3-8072-F6C62B433612}") = "TotoroDinnerDB", "TotoroDinnerDB.sqlproj", "{69874F9D-CA7F-475F-8869-9E3E68E3038A}"
EndProject
Global
	GlobalSection(SolutionConfigurationPlatforms) = preSolution
		Debug|Any CPU = Debug|Any CPU
		Release|Any CPU = Release|Any CPU
	EndGlobalSection
	GlobalSection(ProjectConfigurationPlatforms) = postSolution
		{69874F9D-CA7F-475F-8869-9E3E68E3038A}.Debug|Any CPU.ActiveCfg = Debug|Any CPU
		{69874F9D-CA7F-475F-8869-9E3E68E3038A}.Debug|Any CPU.Build.0 = Debug|Any CPU
		{69874F9D-CA7F-475F-8869-9E3E68E3038A}.Debug|Any CPU.Deploy.0 = Debug|Any CPU
		{69874F9D-CA7F-475F-8869-9E3E68E3038A}.Release|Any CPU.ActiveCfg = Release|Any CPU
		{69874F9D-CA7F-475F-8869-9E3E68E3038A}.Release|Any CPU.Build.0 = Release|Any CPU
		{69874F9D-CA7F-475F-8869-9E3E68E3038A}.Release|Any CPU.Deploy.0 = Release|Any CPU
	EndGlobalSection
	GlobalSection(SolutionProperties) = preSolution
		HideSolutionNode = FALSE
	EndGlobalSection
	GlobalSection(ExtensibilityGlobals) = postSolution
		SolutionGuid = {21D5A46A-94A8-482D-90CB-2F4CAF0B55B1}
	EndGlobalSection
EndGlobal
